
Microsoft Visual Studio Solution File, Format Version 12.00
# Visual Studio 2012
Project("{FAE04EC0-301F-11D3-BF4B-00C04F79EFBC}") = "MvcApplication1", "MvcApplication1\MvcApplication1.csproj", "{0944A335-06AF-4478-A45C-261F1D9685C9}"
EndProject
Project("{FAE04EC0-301F-11D3-BF4B-00C04F79EFBC}") = "MvcApplication1.Tests", "MvcApplication1.Tests\MvcApplication1.Tests.csproj", "{8832CD82-2FCB-4D2F-A170-3F36CB77767B}"
EndProject
Global
	GlobalSection(SolutionConfigurationPlatforms) = preSolution
		Debug|Any CPU = Debug|Any CPU
		Release|Any CPU = Release|Any CPU
	EndGlobalSection
	GlobalSection(ProjectConfigurationPlatforms) = postSolution
		{0944A335-06AF-4478-A45C-261F1D9685C9}.Debug|Any CPU.ActiveCfg = Debug|Any CPU
		{0944A335-06AF-4478-A45C-261F1D9685C9}.Debug|Any CPU.Build.0 = Debug|Any CPU
		{0944A335-06AF-4478-A45C-261F1D9685C9}.Release|Any CPU.ActiveCfg = Release|Any CPU
		{0944A335-06AF-4478-A45C-261F1D9685C9}.Release|Any CPU.Build.0 = Release|Any CPU
		{8832CD82-2FCB-4D2F-A170-3F36CB77767B}.Debug|Any CPU.ActiveCfg = Debug|Any CPU
		{8832CD82-2FCB-4D2F-A170-3F36CB77767B}.Debug|Any CPU.Build.0 = Debug|Any CPU
		{8832CD82-2FCB-4D2F-A170-3F36CB77767B}.Release|Any CPU.ActiveCfg = Release|Any CPU
		{8832CD82-2FCB-4D2F-A170-3F36CB77767B}.Release|Any CPU.Build.0 = Release|Any CPU
	EndGlobalSection
	GlobalSection(SolutionProperties) = preSolution
		HideSolutionNode = FALSE
	EndGlobalSection
EndGlobal
